
Microsoft Visual Studio Solution File, Format Version 12.00
# Visual Studio Version 16
VisualStudioVersion = 16.0.30804.86
MinimumVisualStudioVersion = 10.0.40219.1
Project("{2150E333-8FDC-42A3-9474-1A3956D46DE8}") = "Solution Items", "Solution Items", "{6098CA01-6817-408F-B7DF-9008C48750AA}"
	ProjectSection(SolutionItems) = preProject
		..\.editorconfig = ..\.editorconfig
	EndProjectSection
EndProject
Project("{9A19103F-16F7-4668-BE54-9A1E7A4F7556}") = "OrderSaves", "OrderSaves\OrderSaves.csproj", "{D323712C-5082-4C9E-BE83-D84A6F8A99CC}"
EndProject
Global
	GlobalSection(SolutionConfigurationPlatforms) = preSolution
		Debug|Any CPU = Debug|Any CPU
		Release|Any CPU = Release|Any CPU
	EndGlobalSection
	GlobalSection(ProjectConfigurationPlatforms) = postSolution
		{D323712C-5082-4C9E-BE83-D84A6F8A99CC}.Debug|Any CPU.ActiveCfg = Debug|Any CPU
		{D323712C-5082-4C9E-BE83-D84A6F8A99CC}.Debug|Any CPU.Build.0 = Debug|Any CPU
		{D323712C-5082-4C9E-BE83-D84A6F8A99CC}.Release|Any CPU.ActiveCfg = Release|Any CPU
		{D323712C-5082-4C9E-BE83-D84A6F8A99CC}.Release|Any CPU.Build.0 = Release|Any CPU
	EndGlobalSection
	GlobalSection(SolutionProperties) = preSolution
		HideSolutionNode = FALSE
	EndGlobalSection
	GlobalSection(ExtensibilityGlobals) = postSolution
		SolutionGuid = {61BEE76E-571D-491A-9559-FBA8FE57AE52}
	EndGlobalSection
EndGlobal
